{
  "name": "github-contributors-list",
  "version": "1.2.5",
  "lockfileVersion": 2,
  "requires": true,
  "packages": {
    "": {
      "name": "github-contributors-list",
      "version": "1.2.5",
      "license": "MIT",
      "dependencies": {
        "marked": "^4.0.18",
        "merge": "^2.1.1",
        "minimist": "^1.2.0",
        "q": "^1.5.1",
        "sprintf-js": "^1.1.2"
      },
      "bin": {
        "githubcontrib": "bin/githubcontrib"
      }
    },
    "node_modules/marked": {
      "version": "4.0.18",
      "resolved": "https://registry.npmjs.org/marked/-/marked-4.0.18.tgz",
      "integrity": "sha512-wbLDJ7Zh0sqA0Vdg6aqlbT+yPxqLblpAZh1mK2+AO2twQkPywvvqQNfEPVwSSRjZ7dZcdeVBIAgiO7MMp3Dszw==",
      "bin": {
        "marked": "bin/marked.js"
      },
      "engines": {
        "node": ">= 12"
      }
    },
    "node_modules/merge": {
      "version": "2.1.1",
      "resolved": "https://registry.npmjs.org/merge/-/merge-2.1.1.tgz",
      "integrity": "sha512-jz+Cfrg9GWOZbQAnDQ4hlVnQky+341Yk5ru8bZSe6sIDTCIg8n9i/u7hSQGSVOF3C7lH6mGtqjkiT9G4wFLL0w=="
    },
    "node_modules/minimist": {
      "version": "1.2.6",
      "resolved": "https://registry.npmjs.org/minimist/-/minimist-1.2.6.tgz",
      "integrity": "sha512-Jsjnk4bw3YJqYzbdyBiNsPWHPfO++UGG749Cxs6peCu5Xg4nrena6OVxOYxrQTqww0Jmwt+Ref8rggumkTLz9Q=="
    },
    "node_modules/q": {
      "version": "1.5.1",
      "resolved": "https://registry.npmjs.org/q/-/q-1.5.1.tgz",
      "integrity": "sha512-kV/CThkXo6xyFEZUugw/+pIOywXcDbFYgSct5cT3gqlbkBE1SJdwy6UQoZvodiWF/ckQLZyDE/Bu1M6gVu5lVw==",
      "engines": {
        "node": ">=0.6.0",
        "teleport": ">=0.2.0"
      }
    },
    "node_modules/sprintf-js": {
      "version": "1.1.2",
      "resolved": "https://registry.npmjs.org/sprintf-js/-/sprintf-js-1.1.2.tgz",
      "integrity": "sha512-VE0SOVEHCk7Qc8ulkWw3ntAzXuqf7S2lvwQaDLRnUeIEaKNQJzV6BwmLKhOqT61aGhfUMrXeaBk+oDGCzvhcug=="
    }
  },
  "dependencies": {
    "marked": {
      "version": "4.0.18",
      "resolved": "https://registry.npmjs.org/marked/-/marked-4.0.18.tgz",
      "integrity": "sha512-wbLDJ7Zh0sqA0Vdg6aqlbT+yPxqLblpAZh1mK2+AO2twQkPywvvqQNfEPVwSSRjZ7dZcdeVBIAgiO7MMp3Dszw=="
    },
    "merge": {
      "version": "2.1.1",
      "resolved": "https://registry.npmjs.org/merge/-/merge-2.1.1.tgz",
      "integrity": "sha512-jz+Cfrg9GWOZbQAnDQ4hlVnQky+341Yk5ru8bZSe6sIDTCIg8n9i/u7hSQGSVOF3C7lH6mGtqjkiT9G4wFLL0w=="
    },
    "minimist": {
      "version": "1.2.6",
      "resolved": "https://registry.npmjs.org/minimist/-/minimist-1.2.6.tgz",
      "integrity": "sha512-Jsjnk4bw3YJqYzbdyBiNsPWHPfO++UGG749Cxs6peCu5Xg4nrena6OVxOYxrQTqww0Jmwt+Ref8rggumkTLz9Q=="
    },
    "q": {
      "version": "1.5.1",
      "resolved": "https://registry.npmjs.org/q/-/q-1.5.1.tgz",
      "integrity": "sha512-kV/CThkXo6xyFEZUugw/+pIOywXcDbFYgSct5cT3gqlbkBE1SJdwy6UQoZvodiWF/ckQLZyDE/Bu1M6gVu5lVw=="
    },
    "sprintf-js": {
      "version": "1.1.2",
      "resolved": "https://registry.npmjs.org/sprintf-js/-/sprintf-js-1.1.2.tgz",
      "integrity": "sha512-VE0SOVEHCk7Qc8ulkWw3ntAzXuqf7S2lvwQaDLRnUeIEaKNQJzV6BwmLKhOqT61aGhfUMrXeaBk+oDGCzvhcug=="
    }
  }
}
